// !$*UTF8*$!
{
	archiveVersion = 1;
	classes = {
	};
	objectVersion = 56;
	objects = {

/* Begin PBXBuildFile section */
		018B12BC2AF1D65B00C38DF2 /* calc-percent.gif in Resources */ = {isa = PBXBuildFile; fileRef = 018B12B92AF1D65B00C38DF2 /* calc-percent.gif */; };
		018B12BD2AF1D65B00C38DF2 /* calc-basic.gif in Resources */ = {isa = PBXBuildFile; fileRef = 018B12BA2AF1D65B00C38DF2 /* calc-basic.gif */; };
		018B12BE2AF1D65B00C38DF2 /* calc-double.gif in Resources */ = {isa = PBXBuildFile; fileRef = 018B12BB2AF1D65B00C38DF2 /* calc-double.gif */; };
		018B12C02AF1D7B700C38DF2 /* ipad-calc.png in Resources */ = {isa = PBXBuildFile; fileRef = 018B12BF2AF1D7B700C38DF2 /* ipad-calc.png */; };
		019301D42AED085400A3CC07 /* func.swift in Sources */ = {isa = PBXBuildFile; fileRef = 019301D32AED085400A3CC07 /* func.swift */; };
		1459DF662AE97B4D006B8AF1 /* iOS_calculatorApp.swift in Sources */ = {isa = PBXBuildFile; fileRef = 1459DF652AE97B4D006B8AF1 /* iOS_calculatorApp.swift */; };
		1459DF682AE97B4D006B8AF1 /* ContentView.swift in Sources */ = {isa = PBXBuildFile; fileRef = 1459DF672AE97B4D006B8AF1 /* ContentView.swift */; };
		1459DF6A2AE97B50006B8AF1 /* Assets.xcassets in Resources */ = {isa = PBXBuildFile; fileRef = 1459DF692AE97B50006B8AF1 /* Assets.xcassets */; };
		1459DF6D2AE97B50006B8AF1 /* Preview Assets.xcassets in Resources */ = {isa = PBXBuildFile; fileRef = 1459DF6C2AE97B50006B8AF1 /* Preview Assets.xcassets */; };
/* End PBXBuildFile section */

/* Begin PBXFileReference section */
		018B12B92AF1D65B00C38DF2 /* calc-percent.gif */ = {isa = PBXFileReference; lastKnownFileType = image.gif; path = "calc-percent.gif"; sourceTree = "<group>"; };
		018B12BA2AF1D65B00C38DF2 /* calc-basic.gif */ = {isa = PBXFileReference; lastKnownFileType = image.gif; path = "calc-basic.gif"; sourceTree = "<group>"; };
		018B12BB2AF1D65B00C38DF2 /* calc-double.gif */ = {isa = PBXFileReference; lastKnownFileType = image.gif; path = "calc-double.gif"; sourceTree = "<group>"; };
		018B12BF2AF1D7B700C38DF2 /* ipad-calc.png */ = {isa = PBXFileReference; lastKnownFileType = image.png; path = "ipad-calc.png"; sourceTree = "<group>"; };
		018DECD82AF0834E00D742AA /* Config.xcconfig */ = {isa = PBXFileReference; lastKnownFileType = text.xcconfig; path = Config.xcconfig; sourceTree = "<group>"; };
		019301D32AED085400A3CC07 /* func.swift */ = {isa = PBXFileReference; lastKnownFileType = sourcecode.swift; path = func.swift; sourceTree = "<group>"; };
		019301D52AED59B400A3CC07 /* README.md */ = {isa = PBXFileReference; lastKnownFileType = net.daringfireball.markdown; path = README.md; sourceTree = "<group>"; };
		1459DF622AE97B4D006B8AF1 /* iOS-calculator.app */ = {isa = PBXFileReference; explicitFileType = wrapper.application; includeInIndex = 0; path = "iOS-calculator.app"; sourceTree = BUILT_PRODUCTS_DIR; };
		1459DF652AE97B4D006B8AF1 /* iOS_calculatorApp.swift */ = {isa = PBXFileReference; lastKnownFileType = sourcecode.swift; path = iOS_calculatorApp.swift; sourceTree = "<group>"; usesTabs = 0; };
		1459DF672AE97B4D006B8AF1 /* ContentView.swift */ = {isa = PBXFileReference; lastKnownFileType = sourcecode.swift; path = ContentView.swift; sourceTree = "<group>"; tabWidth = 4; usesTabs = 0; };
		1459DF692AE97B50006B8AF1 /* Assets.xcassets */ = {isa = PBXFileReference; lastKnownFileType = folder.assetcatalog; path = Assets.xcassets; sourceTree = "<group>"; };
		1459DF6C2AE97B50006B8AF1 /* Preview Assets.xcassets */ = {isa = PBXFileReference; lastKnownFileType = folder.assetcatalog; path = "Preview Assets.xcassets"; sourceTree = "<group>"; };
/* End PBXFileReference section */

/* Begin PBXFrameworksBuildPhase section */
		1459DF5F2AE97B4D006B8AF1 /* Frameworks */ = {
			isa = PBXFrameworksBuildPhase;
			buildActionMask = 2147483647;
			files = (
			);
			runOnlyForDeploymentPostprocessing = 0;
		};
/* End PBXFrameworksBuildPhase section */

/* Begin PBXGroup section */
		018B12B82AF1D63300C38DF2 /* demo */ = {
			isa = PBXGroup;
			children = (
				018B12BF2AF1D7B700C38DF2 /* ipad-calc.png */,
				018B12BB2AF1D65B00C38DF2 /* calc-double.gif */,
				018B12BA2AF1D65B00C38DF2 /* calc-basic.gif */,
				018B12B92AF1D65B00C38DF2 /* calc-percent.gif */,
			);
			path = demo;
			sourceTree = "<group>";
		};
		1459DF592AE97B4D006B8AF1 = {
			isa = PBXGroup;
			children = (
				019301D52AED59B400A3CC07 /* README.md */,
				018B12B82AF1D63300C38DF2 /* demo */,
				1459DF642AE97B4D006B8AF1 /* iOS-calculator */,
				1459DF632AE97B4D006B8AF1 /* Products */,
			);
			sourceTree = "<group>";
		};
		1459DF632AE97B4D006B8AF1 /* Products */ = {
			isa = PBXGroup;
			children = (
				1459DF622AE97B4D006B8AF1 /* iOS-calculator.app */,
			);
			name = Products;
			sourceTree = "<group>";
		};
		1459DF642AE97B4D006B8AF1 /* iOS-calculator */ = {
			isa = PBXGroup;
			children = (
				1459DF652AE97B4D006B8AF1 /* iOS_calculatorApp.swift */,
				019301D32AED085400A3CC07 /* func.swift */,
				1459DF672AE97B4D006B8AF1 /* ContentView.swift */,
				1459DF692AE97B50006B8AF1 /* Assets.xcassets */,
				1459DF6B2AE97B50006B8AF1 /* Preview Content */,
				018DECD82AF0834E00D742AA /* Config.xcconfig */,
			);
			path = "iOS-calculator";
			sourceTree = "<group>";
		};
		1459DF6B2AE97B50006B8AF1 /* Preview Content */ = {
			isa = PBXGroup;
			children = (
				1459DF6C2AE97B50006B8AF1 /* Preview Assets.xcassets */,
			);
			path = "Preview Content";
			sourceTree = "<group>";
		};
/* End PBXGroup section */

/* Begin PBXNativeTarget section */
		1459DF612AE97B4D006B8AF1 /* iOS-calculator */ = {
			isa = PBXNativeTarget;
			buildConfigurationList = 1459DF702AE97B50006B8AF1 /* Build configuration list for PBXNativeTarget "iOS-calculator" */;
			buildPhases = (
				1459DF5E2AE97B4D006B8AF1 /* Sources */,
				1459DF5F2AE97B4D006B8AF1 /* Frameworks */,
				1459DF602AE97B4D006B8AF1 /* Resources */,
			);
			buildRules = (
			);
			dependencies = (
			);
			name = "iOS-calculator";
			productName = "iOS-calculator";
			productReference = 1459DF622AE97B4D006B8AF1 /* iOS-calculator.app */;
			productType = "com.apple.product-type.application";
		};
/* End PBXNativeTarget section */

/* Begin PBXProject section */
		1459DF5A2AE97B4D006B8AF1 /* Project object */ = {
			isa = PBXProject;
			attributes = {
				BuildIndependentTargetsInParallel = 1;
				LastSwiftUpdateCheck = 1500;
				LastUpgradeCheck = 1500;
				TargetAttributes = {
					1459DF612AE97B4D006B8AF1 = {
						CreatedOnToolsVersion = 15.0;
					};
				};
			};
			buildConfigurationList = 1459DF5D2AE97B4D006B8AF1 /* Build configuration list for PBXProject "iOS-calculator" */;
			compatibilityVersion = "Xcode 14.0";
			developmentRegion = en;
			hasScannedForEncodings = 0;
			knownRegions = (
				en,
				Base,
			);
			mainGroup = 1459DF592AE97B4D006B8AF1;
			productRefGroup = 1459DF632AE97B4D006B8AF1 /* Products */;
			projectDirPath = "";
			projectRoot = "";
			targets = (
				1459DF612AE97B4D006B8AF1 /* iOS-calculator */,
			);
		};
/* End PBXProject section */

/* Begin PBXResourcesBuildPhase section */
		1459DF602AE97B4D006B8AF1 /* Resources */ = {
			isa = PBXResourcesBuildPhase;
			buildActionMask = 2147483647;
			files = (
				018B12BD2AF1D65B00C38DF2 /* calc-basic.gif in Resources */,
				1459DF6D2AE97B50006B8AF1 /* Preview Assets.xcassets in Resources */,
				018B12C02AF1D7B700C38DF2 /* ipad-calc.png in Resources */,
				018B12BE2AF1D65B00C38DF2 /* calc-double.gif in Resources */,
				1459DF6A2AE97B50006B8AF1 /* Assets.xcassets in Resources */,
				018B12BC2AF1D65B00C38DF2 /* calc-percent.gif in Resources */,
			);
			runOnlyForDeploymentPostprocessing = 0;
		};
/* End PBXResourcesBuildPhase section */

/* Begin PBXSourcesBuildPhase section */
		1459DF5E2AE97B4D006B8AF1 /* Sources */ = {
			isa = PBXSourcesBuildPhase;
			buildActionMask = 2147483647;
			files = (
				1459DF682AE97B4D006B8AF1 /* ContentView.swift in Sources */,
				1459DF662AE97B4D006B8AF1 /* iOS_calculatorApp.swift in Sources */,
				019301D42AED085400A3CC07 /* func.swift in Sources */,
			);
			runOnlyForDeploymentPostprocessing = 0;
		};
/* End PBXSourcesBuildPhase section */

/* Begin XCBuildConfiguration section */
		1459DF6E2AE97B50006B8AF1 /* Debug */ = {
			isa = XCBuildConfiguration;
			baseConfigurationReference = 018DECD82AF0834E00D742AA /* Config.xcconfig */;
			buildSettings = {
				ALWAYS_SEARCH_USER_PATHS = NO;
				ASSETCATALOG_COMPILER_GENERATE_SWIFT_ASSET_SYMBOL_EXTENSIONS = YES;
				CLANG_ANALYZER_NONNULL = YES;
				CLANG_ANALYZER_NUMBER_OBJECT_CONVERSION = YES_AGGRESSIVE;
				CLANG_CXX_LANGUAGE_STANDARD = "gnu++20";
				CLANG_ENABLE_MODULES = YES;
				CLANG_ENABLE_OBJC_ARC = YES;
				CLANG_ENABLE_OBJC_WEAK = YES;
				CLANG_WARN_BLOCK_CAPTURE_AUTORELEASING = YES;
				CLANG_WARN_BOOL_CONVERSION = YES;
				CLANG_WARN_COMMA = YES;
				CLANG_WARN_CONSTANT_CONVERSION = YES;
				CLANG_WARN_DEPRECATED_OBJC_IMPLEMENTATIONS = YES;
				CLANG_WARN_DIRECT_OBJC_ISA_USAGE = YES_ERROR;
				CLANG_WARN_DOCUMENTATION_COMMENTS = YES;
				CLANG_WARN_EMPTY_BODY = YES;
				CLANG_WARN_ENUM_CONVERSION = YES;
				CLANG_WARN_INFINITE_RECURSION = YES;
				CLANG_WARN_INT_CONVERSION = YES;
				CLANG_WARN_NON_LITERAL_NULL_CONVERSION = YES;
				CLANG_WARN_OBJC_IMPLICIT_RETAIN_SELF = YES;
				CLANG_WARN_OBJC_LITERAL_CONVERSION = YES;
				CLANG_WARN_OBJC_ROOT_CLASS = YES_ERROR;
				CLANG_WARN_QUOTED_INCLUDE_IN_FRAMEWORK_HEADER = YES;
				CLANG_WARN_RANGE_LOOP_ANALYSIS = YES;
				CLANG_WARN_STRICT_PROTOTYPES = YES;
				CLANG_WARN_SUSPICIOUS_MOVE = YES;
				CLANG_WARN_UNGUARDED_AVAILABILITY = YES_AGGRESSIVE;
				CLANG_WARN_UNREACHABLE_CODE = YES;
				CLANG_WARN__DUPLICATE_METHOD_MATCH = YES;
				COPY_PHASE_STRIP = NO;
				DEBUG_INFORMATION_FORMAT = dwarf;
				ENABLE_STRICT_OBJC_MSGSEND = YES;
				ENABLE_TESTABILITY = YES;
				ENABLE_USER_SCRIPT_SANDBOXING = YES;
				GCC_C_LANGUAGE_STANDARD = gnu17;
				GCC_DYNAMIC_NO_PIC = NO;
				GCC_NO_COMMON_BLOCKS = YES;
				GCC_OPTIMIZATION_LEVEL = 0;
				GCC_PREPROCESSOR_DEFINITIONS = (
					"DEBUG=1",
					"$(inherited)",
				);
				GCC_WARN_64_TO_32_BIT_CONVERSION = YES;
				GCC_WARN_ABOUT_RETURN_TYPE = YES_ERROR;
				GCC_WARN_UNDECLARED_SELECTOR = YES;
				GCC_WARN_UNINITIALIZED_AUTOS = YES_AGGRESSIVE;
				GCC_WARN_UNUSED_FUNCTION = YES;
				GCC_WARN_UNUSED_VARIABLE = YES;
				IPHONEOS_DEPLOYMENT_TARGET = 17.0;
				LOCALIZATION_PREFERS_STRING_CATALOGS = YES;
				MTL_ENABLE_DEBUG_INFO = INCLUDE_SOURCE;
				MTL_FAST_MATH = YES;
				ONLY_ACTIVE_ARCH = YES;
				SDKROOT = iphoneos;
				SWIFT_ACTIVE_COMPILATION_CONDITIONS = "DEBUG $(inherited)";
				SWIFT_OPTIMIZATION_LEVEL = "-Onone";
			};
			name = Debug;
		};
		1459DF6F2AE97B50006B8AF1 /* Release */ = {
			isa = XCBuildConfiguration;
			baseConfigurationReference = 018DECD82AF0834E00D742AA /* Config.xcconfig */;
			buildSettings = {
				ALWAYS_SEARCH_USER_PATHS = NO;
				ASSETCATALOG_COMPILER_GENERATE_SWIFT_ASSET_SYMBOL_EXTENSIONS = YES;
				CLANG_ANALYZER_NONNULL = YES;
				CLANG_ANALYZER_NUMBER_OBJECT_CONVERSION = YES_AGGRESSIVE;
				CLANG_CXX_LANGUAGE_STANDARD = "gnu++20";
				CLANG_ENABLE_MODULES = YES;
				CLANG_ENABLE_OBJC_ARC = YES;
				CLANG_ENABLE_OBJC_WEAK = YES;
				CLANG_WARN_BLOCK_CAPTURE_AUTORELEASING = YES;
				CLANG_WARN_BOOL_CONVERSION = YES;
				CLANG_WARN_COMMA = YES;
				CLANG_WARN_CONSTANT_CONVERSION = YES;
				CLANG_WARN_DEPRECATED_OBJC_IMPLEMENTATIONS = YES;
				CLANG_WARN_DIRECT_OBJC_ISA_USAGE = YES_ERROR;
				CLANG_WARN_DOCUMENTATION_COMMENTS = YES;
				CLANG_WARN_EMPTY_BODY = YES;
				CLANG_WARN_ENUM_CONVERSION = YES;
				CLANG_WARN_INFINITE_RECURSION = YES;
				CLANG_WARN_INT_CONVERSION = YES;
				CLANG_WARN_NON_LITERAL_NULL_CONVERSION = YES;
				CLANG_WARN_OBJC_IMPLICIT_RETAIN_SELF = YES;
				CLANG_WARN_OBJC_LITERAL_CONVERSION = YES;
				CLANG_WARN_OBJC_ROOT_CLASS = YES_ERROR;
				CLANG_WARN_QUOTED_INCLUDE_IN_FRAMEWORK_HEADER = YES;
				CLANG_WARN_RANGE_LOOP_ANALYSIS = YES;
				CLANG_WARN_STRICT_PROTOTYPES = YES;
				CLANG_WARN_SUSPICIOUS_MOVE = YES;
				CLANG_WARN_UNGUARDED_AVAILABILITY = YES_AGGRESSIVE;
				CLANG_WARN_UNREACHABLE_CODE = YES;
				CLANG_WARN__DUPLICATE_METHOD_MATCH = YES;
				COPY_PHASE_STRIP = NO;
				DEBUG_INFORMATION_FORMAT = "dwarf-with-dsym";
				ENABLE_NS_ASSERTIONS = NO;
				ENABLE_STRICT_OBJC_MSGSEND = YES;
				ENABLE_USER_SCRIPT_SANDBOXING = YES;
				GCC_C_LANGUAGE_STANDARD = gnu17;
				GCC_NO_COMMON_BLOCKS = YES;
				GCC_WARN_64_TO_32_BIT_CONVERSION = YES;
				GCC_WARN_ABOUT_RETURN_TYPE = YES_ERROR;
				GCC_WARN_UNDECLARED_SELECTOR = YES;
				GCC_WARN_UNINITIALIZED_AUTOS = YES_AGGRESSIVE;
				GCC_WARN_UNUSED_FUNCTION = YES;
				GCC_WARN_UNUSED_VARIABLE = YES;
				IPHONEOS_DEPLOYMENT_TARGET = 17.0;
				LOCALIZATION_PREFERS_STRING_CATALOGS = YES;
				MTL_ENABLE_DEBUG_INFO = NO;
				MTL_FAST_MATH = YES;
				SDKROOT = iphoneos;
				SWIFT_COMPILATION_MODE = wholemodule;
				VALIDATE_PRODUCT = YES;
			};
			name = Release;
		};
		1459DF712AE97B50006B8AF1 /* Debug */ = {
			isa = XCBuildConfiguration;
			buildSettings = {
				ASSETCATALOG_COMPILER_APPICON_NAME = AppIcon;
				ASSETCATALOG_COMPILER_GLOBAL_ACCENT_COLOR_NAME = AccentColor;
				CODE_SIGN_STYLE = Automatic;
				CURRENT_PROJECT_VERSION = 1;
				DEVELOPMENT_ASSET_PATHS = "\"iOS-calculator/Preview Content\"";
				DEVELOPMENT_TEAM = C32HZ8W6CA;
				ENABLE_PREVIEWS = YES;
				GENERATE_INFOPLIST_FILE = YES;
				INFOPLIST_KEY_UIApplicationSceneManifest_Generation = YES;
				INFOPLIST_KEY_UIApplicationSupportsIndirectInputEvents = YES;
				INFOPLIST_KEY_UILaunchScreen_Generation = YES;
				INFOPLIST_KEY_UISupportedInterfaceOrientations = UIInterfaceOrientationPortrait;
				LD_RUNPATH_SEARCH_PATHS = (
					"$(inherited)",
					"@executable_path/Frameworks",
				);
				MARKETING_VERSION = 1.0;
				PRODUCT_BUNDLE_IDENTIFIER = "xohxe.iOS-calculator";
				PRODUCT_NAME = "$(TARGET_NAME)";
				SWIFT_EMIT_LOC_STRINGS = YES;
				SWIFT_VERSION = 5.0;
				TARGETED_DEVICE_FAMILY = "1,2";
			};
			name = Debug;
		};
		1459DF722AE97B50006B8AF1 /* Release */ = {
			isa = XCBuildConfiguration;
			buildSettings = {
				ASSETCATALOG_COMPILER_APPICON_NAME = AppIcon;
				ASSETCATALOG_COMPILER_GLOBAL_ACCENT_COLOR_NAME = AccentColor;
				CODE_SIGN_STYLE = Automatic;
				CURRENT_PROJECT_VERSION = 1;
				DEVELOPMENT_ASSET_PATHS = "\"iOS-calculator/Preview Content\"";
				DEVELOPMENT_TEAM = C32HZ8W6CA;
				ENABLE_PREVIEWS = YES;
				GENERATE_INFOPLIST_FILE = YES;
				INFOPLIST_KEY_UIApplicationSceneManifest_Generation = YES;
				INFOPLIST_KEY_UIApplicationSupportsIndirectInputEvents = YES;
				INFOPLIST_KEY_UILaunchScreen_Generation = YES;
				INFOPLIST_KEY_UISupportedInterfaceOrientations = UIInterfaceOrientationPortrait;
				LD_RUNPATH_SEARCH_PATHS = (
					"$(inherited)",
					"@executable_path/Frameworks",
				);
				MARKETING_VERSION = 1.0;
				PRODUCT_BUNDLE_IDENTIFIER = "xohxe.iOS-calculator";
				PRODUCT_NAME = "$(TARGET_NAME)";
				SWIFT_EMIT_LOC_STRINGS = YES;
				SWIFT_VERSION = 5.0;
				TARGETED_DEVICE_FAMILY = "1,2";
			};
			name = Release;
		};
/* End XCBuildConfiguration section */

/* Begin XCConfigurationList section */
		1459DF5D2AE97B4D006B8AF1 /* Build configuration list for PBXProject "iOS-calculator" */ = {
			isa = XCConfigurationList;
			buildConfigurations = (
				1459DF6E2AE97B50006B8AF1 /* Debug */,
				1459DF6F2AE97B50006B8AF1 /* Release */,
			);
			defaultConfigurationIsVisible = 0;
			defaultConfigurationName = Release;
		};
		1459DF702AE97B50006B8AF1 /* Build configuration list for PBXNativeTarget "iOS-calculator" */ = {
			isa = XCConfigurationList;
			buildConfigurations = (
				1459DF712AE97B50006B8AF1 /* Debug */,
				1459DF722AE97B50006B8AF1 /* Release */,
			);
			defaultConfigurationIsVisible = 0;
			defaultConfigurationName = Release;
		};
/* End XCConfigurationList section */
	};
	rootObject = 1459DF5A2AE97B4D006B8AF1 /* Project object */;
}
